
Microsoft Visual Studio Solution File, Format Version 12.00
# Visual Studio Version 17
VisualStudioVersion = 17.14.36109.1
MinimumVisualStudioVersion = 10.0.40219.1
Project("{FAE04EC0-301F-11D3-BF4B-00C04F79EFBC}") = "CarteirasInvestimento", "CarteirasInvestimento\CarteirasInvestimento.csproj", "{54D29B43-5B9C-4F73-AAC1-68B16434831A}"
EndProject
Project("{2150E333-8FDC-42A3-9474-1A3956D46DE8}") = "Api", "Api", "{02EA681E-C7D8-13C7-8484-4AC65E1B71E8}"
EndProject
Project("{2150E333-8FDC-42A3-9474-1A3956D46DE8}") = "AppServer", "AppServer", "{4525EE8E-E9FE-483A-879A-0859222793C4}"
EndProject
Project("{FAE04EC0-301F-11D3-BF4B-00C04F79EFBC}") = "CarteirasInvestimento.AppServer", "CarteirasInvestimento.AppServer\CarteirasInvestimento.AppServer.csproj", "{93149264-EC79-4653-9F3C-9F5ABDDF9400}"
EndProject
Project("{2150E333-8FDC-42A3-9474-1A3956D46DE8}") = "Repository", "Repository", "{807D8880-7D07-4FFB-A89C-4D72A55C90D6}"
EndProject
Project("{2150E333-8FDC-42A3-9474-1A3956D46DE8}") = "DataAcess", "DataAcess", "{9A9D8497-2164-4EB5-9BA2-7B084E1DF3B4}"
EndProject
Project("{FAE04EC0-301F-11D3-BF4B-00C04F79EFBC}") = "CarteirasInvestimento.Repository", "CarteirasInvestimento.Repository\CarteirasInvestimento.Repository.csproj", "{9EAA1140-E63D-4651-872A-EA553B270863}"
EndProject
Project("{FAE04EC0-301F-11D3-BF4B-00C04F79EFBC}") = "CarteirasInvestimento.DataAcess", "CarteirasInvestimento.DataAcess\CarteirasInvestimento.DataAcess.csproj", "{57C360CE-F79F-4BF5-B818-693E998929E4}"
EndProject
Project("{2150E333-8FDC-42A3-9474-1A3956D46DE8}") = "Tests", "Tests", "{8E1C7F67-E621-45A1-A6F0-1705FF1F874B}"
EndProject
Project("{FAE04EC0-301F-11D3-BF4B-00C04F79EFBC}") = "CarteirasInvestimento.Test", "CarteirasInvestimento.Test\CarteirasInvestimento.Test.csproj", "{ECC8181F-0780-4A15-8816-847F25268FB4}"
EndProject
Project("{2150E333-8FDC-42A3-9474-1A3956D46DE8}") = "Infra", "Infra", "{5C2BFF7E-A598-41F4-A4BA-2C00A3B5302D}"
EndProject
Project("{FAE04EC0-301F-11D3-BF4B-00C04F79EFBC}") = "CarteirasInvestimento.Infra", "CarteirasInvestimento.Infra\CarteirasInvestimento.Infra.csproj", "{5D630B64-0C53-45C5-AFAB-FD9A4C6C1260}"
EndProject
Project("{2150E333-8FDC-42A3-9474-1A3956D46DE8}") = "Application", "Application", "{9241022D-C7FA-4039-83AC-50BEFBE4B960}"
EndProject
Project("{2150E333-8FDC-42A3-9474-1A3956D46DE8}") = "Domain", "Domain", "{FBF99769-D3A1-49D6-91A8-3419D7E9686B}"
EndProject
Project("{2150E333-8FDC-42A3-9474-1A3956D46DE8}") = "Infrastructure", "Infrastructure", "{A2E6BE19-6B84-4F01-9F95-0A6558AEF296}"
EndProject
Global
	GlobalSection(SolutionConfigurationPlatforms) = preSolution
		Debug|Any CPU = Debug|Any CPU
		Release|Any CPU = Release|Any CPU
	EndGlobalSection
	GlobalSection(ProjectConfigurationPlatforms) = postSolution
		{54D29B43-5B9C-4F73-AAC1-68B16434831A}.Debug|Any CPU.ActiveCfg = Debug|Any CPU
		{54D29B43-5B9C-4F73-AAC1-68B16434831A}.Debug|Any CPU.Build.0 = Debug|Any CPU
		{54D29B43-5B9C-4F73-AAC1-68B16434831A}.Release|Any CPU.ActiveCfg = Release|Any CPU
		{54D29B43-5B9C-4F73-AAC1-68B16434831A}.Release|Any CPU.Build.0 = Release|Any CPU
		{93149264-EC79-4653-9F3C-9F5ABDDF9400}.Debug|Any CPU.ActiveCfg = Debug|Any CPU
		{93149264-EC79-4653-9F3C-9F5ABDDF9400}.Debug|Any CPU.Build.0 = Debug|Any CPU
		{93149264-EC79-4653-9F3C-9F5ABDDF9400}.Release|Any CPU.ActiveCfg = Release|Any CPU
		{93149264-EC79-4653-9F3C-9F5ABDDF9400}.Release|Any CPU.Build.0 = Release|Any CPU
		{9EAA1140-E63D-4651-872A-EA553B270863}.Debug|Any CPU.ActiveCfg = Debug|Any CPU
		{9EAA1140-E63D-4651-872A-EA553B270863}.Debug|Any CPU.Build.0 = Debug|Any CPU
		{9EAA1140-E63D-4651-872A-EA553B270863}.Release|Any CPU.ActiveCfg = Release|Any CPU
		{9EAA1140-E63D-4651-872A-EA553B270863}.Release|Any CPU.Build.0 = Release|Any CPU
		{57C360CE-F79F-4BF5-B818-693E998929E4}.Debug|Any CPU.ActiveCfg = Debug|Any CPU
		{57C360CE-F79F-4BF5-B818-693E998929E4}.Debug|Any CPU.Build.0 = Debug|Any CPU
		{57C360CE-F79F-4BF5-B818-693E998929E4}.Release|Any CPU.ActiveCfg = Release|Any CPU
		{57C360CE-F79F-4BF5-B818-693E998929E4}.Release|Any CPU.Build.0 = Release|Any CPU
		{ECC8181F-0780-4A15-8816-847F25268FB4}.Debug|Any CPU.ActiveCfg = Debug|Any CPU
		{ECC8181F-0780-4A15-8816-847F25268FB4}.Debug|Any CPU.Build.0 = Debug|Any CPU
		{ECC8181F-0780-4A15-8816-847F25268FB4}.Release|Any CPU.ActiveCfg = Release|Any CPU
		{ECC8181F-0780-4A15-8816-847F25268FB4}.Release|Any CPU.Build.0 = Release|Any CPU
		{5D630B64-0C53-45C5-AFAB-FD9A4C6C1260}.Debug|Any CPU.ActiveCfg = Debug|Any CPU
		{5D630B64-0C53-45C5-AFAB-FD9A4C6C1260}.Debug|Any CPU.Build.0 = Debug|Any CPU
		{5D630B64-0C53-45C5-AFAB-FD9A4C6C1260}.Release|Any CPU.ActiveCfg = Release|Any CPU
		{5D630B64-0C53-45C5-AFAB-FD9A4C6C1260}.Release|Any CPU.Build.0 = Release|Any CPU
	EndGlobalSection
	GlobalSection(SolutionProperties) = preSolution
		HideSolutionNode = FALSE
	EndGlobalSection
	GlobalSection(NestedProjects) = preSolution
		{54D29B43-5B9C-4F73-AAC1-68B16434831A} = {02EA681E-C7D8-13C7-8484-4AC65E1B71E8}
		{02EA681E-C7D8-13C7-8484-4AC65E1B71E8} = {9241022D-C7FA-4039-83AC-50BEFBE4B960}
		{4525EE8E-E9FE-483A-879A-0859222793C4} = {FBF99769-D3A1-49D6-91A8-3419D7E9686B}
		{93149264-EC79-4653-9F3C-9F5ABDDF9400} = {4525EE8E-E9FE-483A-879A-0859222793C4}
		{807D8880-7D07-4FFB-A89C-4D72A55C90D6} = {A2E6BE19-6B84-4F01-9F95-0A6558AEF296}
		{9A9D8497-2164-4EB5-9BA2-7B084E1DF3B4} = {A2E6BE19-6B84-4F01-9F95-0A6558AEF296}
		{9EAA1140-E63D-4651-872A-EA553B270863} = {807D8880-7D07-4FFB-A89C-4D72A55C90D6}
		{57C360CE-F79F-4BF5-B818-693E998929E4} = {9A9D8497-2164-4EB5-9BA2-7B084E1DF3B4}
		{8E1C7F67-E621-45A1-A6F0-1705FF1F874B} = {FBF99769-D3A1-49D6-91A8-3419D7E9686B}
		{ECC8181F-0780-4A15-8816-847F25268FB4} = {8E1C7F67-E621-45A1-A6F0-1705FF1F874B}
		{5C2BFF7E-A598-41F4-A4BA-2C00A3B5302D} = {FBF99769-D3A1-49D6-91A8-3419D7E9686B}
		{5D630B64-0C53-45C5-AFAB-FD9A4C6C1260} = {5C2BFF7E-A598-41F4-A4BA-2C00A3B5302D}
	EndGlobalSection
	GlobalSection(ExtensibilityGlobals) = postSolution
		SolutionGuid = {612CAFF6-BC41-4788-9155-96A02190DFAC}
	EndGlobalSection
EndGlobal
